
Microsoft Visual Studio Solution File, Format Version 12.00
# Visual Studio Version 16
VisualStudioVersion = 16.0.31515.178
MinimumVisualStudioVersion = 10.0.40219.1
Project("{FAE04EC0-301F-11D3-BF4B-00C04F79EFBC}") = "MTDataAccess", "Core\MTDataAccess\MTDataAccess.csproj", "{564E4868-9DC3-4750-A05A-337A0EC7D421}"
EndProject
Project("{2150E333-8FDC-42A3-9474-1A3956D46DE8}") = "Core", "Core", "{5E4111CC-7F88-4DF2-8242-303BB8C79917}"
EndProject
Project("{E24C65DC-7377-472B-9ABA-BC803B73C61A}") = "multitracks.com", "Web\multitracks.com\multitracks.com\", "{87ED2C8E-902B-4400-A71A-41BFF7B98F13}"
	ProjectSection(WebsiteProperties) = preProject
		TargetFrameworkMoniker = ".NETFramework,Version%3Dv4.8"
		ProjectReferences = "{564e4868-9dc3-4750-a05a-337a0ec7d421}|MTDataAccess.dll;"
		Debug.AspNetCompiler.VirtualPath = "/localhost_56916"
		Debug.AspNetCompiler.PhysicalPath = "Web\multitracks.com\multitracks.com\"
		Debug.AspNetCompiler.TargetPath = "PrecompiledWeb\localhost_56916\"
		Debug.AspNetCompiler.Updateable = "true"
		Debug.AspNetCompiler.ForceOverwrite = "true"
		Debug.AspNetCompiler.FixedNames = "false"
		Debug.AspNetCompiler.Debug = "True"
		Release.AspNetCompiler.VirtualPath = "/localhost_56916"
		Release.AspNetCompiler.PhysicalPath = "Web\multitracks.com\multitracks.com\"
		Release.AspNetCompiler.TargetPath = "PrecompiledWeb\localhost_56916\"
		Release.AspNetCompiler.Updateable = "true"
		Release.AspNetCompiler.ForceOverwrite = "true"
		Release.AspNetCompiler.FixedNames = "false"
		Release.AspNetCompiler.Debug = "False"
		VWDPort = "56916"
		SlnRelativePath = "Web\multitracks.com\multitracks.com\"
		DefaultWebSiteLanguage = "Visual C#"
	EndProjectSection
EndProject
Project("{2150E333-8FDC-42A3-9474-1A3956D46DE8}") = "Web", "Web", "{D81E2F48-0605-463B-96D5-D5F727D15298}"
EndProject
Project("{00D1A9C2-B5F0-4AF3-8072-F6C62B433612}") = "MultiTracksDB", "DB\MultiTracksDB.sqlproj", "{C0455F77-4C86-44AB-A96F-FD433BA1C3BB}"
EndProject
Project("{2150E333-8FDC-42A3-9474-1A3956D46DE8}") = "DB", "DB", "{81332685-9D05-4270-94E1-6B766A2E7A93}"
EndProject
Global
	GlobalSection(SolutionConfigurationPlatforms) = preSolution
		Debug|Any CPU = Debug|Any CPU
		Release|Any CPU = Release|Any CPU
	EndGlobalSection
	GlobalSection(ProjectConfigurationPlatforms) = postSolution
		{564E4868-9DC3-4750-A05A-337A0EC7D421}.Debug|Any CPU.ActiveCfg = Debug|Any CPU
		{564E4868-9DC3-4750-A05A-337A0EC7D421}.Debug|Any CPU.Build.0 = Debug|Any CPU
		{564E4868-9DC3-4750-A05A-337A0EC7D421}.Release|Any CPU.ActiveCfg = Release|Any CPU
		{564E4868-9DC3-4750-A05A-337A0EC7D421}.Release|Any CPU.Build.0 = Release|Any CPU
		{87ED2C8E-902B-4400-A71A-41BFF7B98F13}.Debug|Any CPU.ActiveCfg = Debug|Any CPU
		{87ED2C8E-902B-4400-A71A-41BFF7B98F13}.Debug|Any CPU.Build.0 = Debug|Any CPU
		{87ED2C8E-902B-4400-A71A-41BFF7B98F13}.Release|Any CPU.ActiveCfg = Debug|Any CPU
		{87ED2C8E-902B-4400-A71A-41BFF7B98F13}.Release|Any CPU.Build.0 = Debug|Any CPU
		{C0455F77-4C86-44AB-A96F-FD433BA1C3BB}.Debug|Any CPU.ActiveCfg = Debug|Any CPU
		{C0455F77-4C86-44AB-A96F-FD433BA1C3BB}.Debug|Any CPU.Build.0 = Debug|Any CPU
		{C0455F77-4C86-44AB-A96F-FD433BA1C3BB}.Debug|Any CPU.Deploy.0 = Debug|Any CPU
		{C0455F77-4C86-44AB-A96F-FD433BA1C3BB}.Release|Any CPU.ActiveCfg = Release|Any CPU
		{C0455F77-4C86-44AB-A96F-FD433BA1C3BB}.Release|Any CPU.Build.0 = Release|Any CPU
		{C0455F77-4C86-44AB-A96F-FD433BA1C3BB}.Release|Any CPU.Deploy.0 = Release|Any CPU
	EndGlobalSection
	GlobalSection(SolutionProperties) = preSolution
		HideSolutionNode = FALSE
	EndGlobalSection
	GlobalSection(NestedProjects) = preSolution
		{564E4868-9DC3-4750-A05A-337A0EC7D421} = {5E4111CC-7F88-4DF2-8242-303BB8C79917}
		{87ED2C8E-902B-4400-A71A-41BFF7B98F13} = {D81E2F48-0605-463B-96D5-D5F727D15298}
		{C0455F77-4C86-44AB-A96F-FD433BA1C3BB} = {81332685-9D05-4270-94E1-6B766A2E7A93}
	EndGlobalSection
	GlobalSection(ExtensibilityGlobals) = postSolution
		SolutionGuid = {6C3BA3E6-6743-4DE0-845C-465A67D21BF0}
	EndGlobalSection
EndGlobal
